// !$*UTF8*$!
{
	archiveVersion = 1;
	classes = {
	};
	objectVersion = 46;
	objects = {

/* Begin PBXBuildFile section */
		65B9FFBF1E5B117A00F76C39 /* main.m in Sources */ = {isa = PBXBuildFile; fileRef = 65B9FFBE1E5B117A00F76C39 /* main.m */; };
		65B9FFED1E5B21CD00F76C39 /* Universe.m in Sources */ = {isa = PBXBuildFile; fileRef = 65B9FFEC1E5B21CD00F76C39 /* Universe.m */; };
/* End PBXBuildFile section */

/* Begin PBXCopyFilesBuildPhase section */
		65B9FFB91E5B117A00F76C39 /* CopyFiles */ = {
			isa = PBXCopyFilesBuildPhase;
			buildActionMask = 2147483647;
			dstPath = /usr/share/man/man1/;
			dstSubfolderSpec = 0;
			files = (
			);
			runOnlyForDeploymentPostprocessing = 1;
		};
/* End PBXCopyFilesBuildPhase section */

/* Begin PBXFileReference section */
		65B9FFBB1E5B117A00F76C39 /* ConwaysGameOfLIfe */ = {isa = PBXFileReference; explicitFileType = "compiled.mach-o.executable"; includeInIndex = 0; path = ConwaysGameOfLIfe; sourceTree = BUILT_PRODUCTS_DIR; };
		65B9FFBE1E5B117A00F76C39 /* main.m */ = {isa = PBXFileReference; lastKnownFileType = sourcecode.c.objc; path = main.m; sourceTree = "<group>"; };
		65B9FFEB1E5B21CD00F76C39 /* Universe.h */ = {isa = PBXFileReference; fileEncoding = 4; lastKnownFileType = sourcecode.c.h; path = Universe.h; sourceTree = "<group>"; };
		65B9FFEC1E5B21CD00F76C39 /* Universe.m */ = {isa = PBXFileReference; fileEncoding = 4; lastKnownFileType = sourcecode.c.objc; path = Universe.m; sourceTree = "<group>"; };
/* End PBXFileReference section */

/* Begin PBXFrameworksBuildPhase section */
		65B9FFB81E5B117A00F76C39 /* Frameworks */ = {
			isa = PBXFrameworksBuildPhase;
			buildActionMask = 2147483647;
			files = (
			);
			runOnlyForDeploymentPostprocessing = 0;
		};
/* End PBXFrameworksBuildPhase section */

/* Begin PBXGroup section */
		65B9FFB21E5B117A00F76C39 = {
			isa = PBXGroup;
			children = (
				65B9FFBD1E5B117A00F76C39 /* ConwaysGameOfLIfe */,
				65B9FFBC1E5B117A00F76C39 /* Products */,
			);
			sourceTree = "<group>";
		};
		65B9FFBC1E5B117A00F76C39 /* Products */ = {
			isa = PBXGroup;
			children = (
				65B9FFBB1E5B117A00F76C39 /* ConwaysGameOfLIfe */,
			);
			name = Products;
			sourceTree = "<group>";
		};
		65B9FFBD1E5B117A00F76C39 /* ConwaysGameOfLIfe */ = {
			isa = PBXGroup;
			children = (
				65B9FFBE1E5B117A00F76C39 /* main.m */,
				65B9FFEB1E5B21CD00F76C39 /* Universe.h */,
				65B9FFEC1E5B21CD00F76C39 /* Universe.m */,
			);
			path = ConwaysGameOfLIfe;
			sourceTree = "<group>";
		};
/* End PBXGroup section */

/* Begin PBXNativeTarget section */
		65B9FFBA1E5B117A00F76C39 /* ConwaysGameOfLIfe */ = {
			isa = PBXNativeTarget;
			buildConfigurationList = 65B9FFC21E5B117A00F76C39 /* Build configuration list for PBXNativeTarget "ConwaysGameOfLIfe" */;
			buildPhases = (
				65B9FFB71E5B117A00F76C39 /* Sources */,
				65B9FFB81E5B117A00F76C39 /* Frameworks */,
				65B9FFB91E5B117A00F76C39 /* CopyFiles */,
			);
			buildRules = (
			);
			dependencies = (
			);
			name = ConwaysGameOfLIfe;
			productName = ConwaysGameOfLIfe;
			productReference = 65B9FFBB1E5B117A00F76C39 /* ConwaysGameOfLIfe */;
			productType = "com.apple.product-type.tool";
		};
/* End PBXNativeTarget section */

/* Begin PBXProject section */
		65B9FFB31E5B117A00F76C39 /* Project object */ = {
			isa = PBXProject;
			attributes = {
				LastUpgradeCheck = 0820;
				ORGANIZATIONNAME = "Lucyna Galik";
				TargetAttributes = {
					65B9FFBA1E5B117A00F76C39 = {
						CreatedOnToolsVersion = 8.2.1;
						ProvisioningStyle = Automatic;
					};
				};
			};
			buildConfigurationList = 65B9FFB61E5B117A00F76C39 /* Build configuration list for PBXProject "ConwaysGameOfLIfe" */;
			compatibilityVersion = "Xcode 3.2";
			developmentRegion = English;
			hasScannedForEncodings = 0;
			knownRegions = (
				en,
			);
			mainGroup = 65B9FFB21E5B117A00F76C39;
			productRefGroup = 65B9FFBC1E5B117A00F76C39 /* Products */;
			projectDirPath = "";
			projectRoot = "";
			targets = (
				65B9FFBA1E5B117A00F76C39 /* ConwaysGameOfLIfe */,
			);
		};
/* End PBXProject section */

/* Begin PBXSourcesBuildPhase section */
		65B9FFB71E5B117A00F76C39 /* Sources */ = {
			isa = PBXSourcesBuildPhase;
			buildActionMask = 2147483647;
			files = (
				65B9FFED1E5B21CD00F76C39 /* Universe.m in Sources */,
				65B9FFBF1E5B117A00F76C39 /* main.m in Sources */,
			);
			runOnlyForDeploymentPostprocessing = 0;
		};
/* End PBXSourcesBuildPhase section */

/* Begin XCBuildConfiguration section */
		65B9FFC01E5B117A00F76C39 /* Debug */ = {
			isa = XCBuildConfiguration;
			buildSettings = {
				ALWAYS_SEARCH_USER_PATHS = NO;
				CLANG_ANALYZER_NONNULL = YES;
				CLANG_CXX_LANGUAGE_STANDARD = "gnu++0x";
				CLANG_CXX_LIBRARY = "libc++";
				CLANG_ENABLE_MODULES = YES;
				CLANG_ENABLE_OBJC_ARC = YES;
				CLANG_WARN_BOOL_CONVERSION = YES;
				CLANG_WARN_CONSTANT_CONVERSION = YES;
				CLANG_WARN_DIRECT_OBJC_ISA_USAGE = YES_ERROR;
				CLANG_WARN_DOCUMENTATION_COMMENTS = YES;
				CLANG_WARN_EMPTY_BODY = YES;
				CLANG_WARN_ENUM_CONVERSION = YES;
				CLANG_WARN_INFINITE_RECURSION = YES;
				CLANG_WARN_INT_CONVERSION = YES;
				CLANG_WARN_OBJC_ROOT_CLASS = YES_ERROR;
				CLANG_WARN_SUSPICIOUS_MOVE = YES;
				CLANG_WARN_UNREACHABLE_CODE = YES;
				CLANG_WARN__DUPLICATE_METHOD_MATCH = YES;
				CODE_SIGN_IDENTITY = "-";
				COPY_PHASE_STRIP = NO;
				DEBUG_INFORMATION_FORMAT = dwarf;
				ENABLE_STRICT_OBJC_MSGSEND = YES;
				ENABLE_TESTABILITY = YES;
				GCC_C_LANGUAGE_STANDARD = gnu99;
				GCC_DYNAMIC_NO_PIC = NO;
				GCC_NO_COMMON_BLOCKS = YES;
				GCC_OPTIMIZATION_LEVEL = 0;
				GCC_PREPROCESSOR_DEFINITIONS = (
					"DEBUG=1",
					"$(inherited)",
				);
				GCC_WARN_64_TO_32_BIT_CONVERSION = YES;
				GCC_WARN_ABOUT_RETURN_TYPE = YES_ERROR;
				GCC_WARN_UNDECLARED_SELECTOR = YES;
				GCC_WARN_UNINITIALIZED_AUTOS = YES_AGGRESSIVE;
				GCC_WARN_UNUSED_FUNCTION = YES;
				GCC_WARN_UNUSED_VARIABLE = YES;
				MACOSX_DEPLOYMENT_TARGET = 10.12;
				MTL_ENABLE_DEBUG_INFO = YES;
				ONLY_ACTIVE_ARCH = YES;
				SDKROOT = macosx;
			};
			name = Debug;
		};
		65B9FFC11E5B117A00F76C39 /* Release */ = {
			isa = XCBuildConfiguration;
			buildSettings = {
				ALWAYS_SEARCH_USER_PATHS = NO;
				CLANG_ANALYZER_NONNULL = YES;
				CLANG_CXX_LANGUAGE_STANDARD = "gnu++0x";
				CLANG_CXX_LIBRARY = "libc++";
				CLANG_ENABLE_MODULES = YES;
				CLANG_ENABLE_OBJC_ARC = YES;
				CLANG_WARN_BOOL_CONVERSION = YES;
				CLANG_WARN_CONSTANT_CONVERSION = YES;
				CLANG_WARN_DIRECT_OBJC_ISA_USAGE = YES_ERROR;
				CLANG_WARN_DOCUMENTATION_COMMENTS = YES;
				CLANG_WARN_EMPTY_BODY = YES;
				CLANG_WARN_ENUM_CONVERSION = YES;
				CLANG_WARN_INFINITE_RECURSION = YES;
				CLANG_WARN_INT_CONVERSION = YES;
				CLANG_WARN_OBJC_ROOT_CLASS = YES_ERROR;
				CLANG_WARN_SUSPICIOUS_MOVE = YES;
				CLANG_WARN_UNREACHABLE_CODE = YES;
				CLANG_WARN__DUPLICATE_METHOD_MATCH = YES;
				CODE_SIGN_IDENTITY = "-";
				COPY_PHASE_STRIP = NO;
				DEBUG_INFORMATION_FORMAT = "dwarf-with-dsym";
				ENABLE_NS_ASSERTIONS = NO;
				ENABLE_STRICT_OBJC_MSGSEND = YES;
				GCC_C_LANGUAGE_STANDARD = gnu99;
				GCC_NO_COMMON_BLOCKS = YES;
				GCC_WARN_64_TO_32_BIT_CONVERSION = YES;
				GCC_WARN_ABOUT_RETURN_TYPE = YES_ERROR;
				GCC_WARN_UNDECLARED_SELECTOR = YES;
				GCC_WARN_UNINITIALIZED_AUTOS = YES_AGGRESSIVE;
				GCC_WARN_UNUSED_FUNCTION = YES;
				GCC_WARN_UNUSED_VARIABLE = YES;
				MACOSX_DEPLOYMENT_TARGET = 10.12;
				MTL_ENABLE_DEBUG_INFO = NO;
				SDKROOT = macosx;
			};
			name = Release;
		};
		65B9FFC31E5B117A00F76C39 /* Debug */ = {
			isa = XCBuildConfiguration;
			buildSettings = {
				PRODUCT_NAME = "$(TARGET_NAME)";
			};
			name = Debug;
		};
		65B9FFC41E5B117A00F76C39 /* Release */ = {
			isa = XCBuildConfiguration;
			buildSettings = {
				PRODUCT_NAME = "$(TARGET_NAME)";
			};
			name = Release;
		};
/* End XCBuildConfiguration section */

/* Begin XCConfigurationList section */
		65B9FFB61E5B117A00F76C39 /* Build configuration list for PBXProject "ConwaysGameOfLIfe" */ = {
			isa = XCConfigurationList;
			buildConfigurations = (
				65B9FFC01E5B117A00F76C39 /* Debug */,
				65B9FFC11E5B117A00F76C39 /* Release */,
			);
			defaultConfigurationIsVisible = 0;
			defaultConfigurationName = Release;
		};
		65B9FFC21E5B117A00F76C39 /* Build configuration list for PBXNativeTarget "ConwaysGameOfLIfe" */ = {
			isa = XCConfigurationList;
			buildConfigurations = (
				65B9FFC31E5B117A00F76C39 /* Debug */,
				65B9FFC41E5B117A00F76C39 /* Release */,
			);
			defaultConfigurationIsVisible = 0;
			defaultConfigurationName = Release;
		};
/* End XCConfigurationList section */
	};
	rootObject = 65B9FFB31E5B117A00F76C39 /* Project object */;
}
